<?xml version="1.0" encoding="utf-8"?>
<Project ToolsVersion="4.0" xmlns="http://schemas.microsoft.com/developer/msbuild/2003">
  <ItemGroup>
    <ClInclude Include="..\..\..\include\node0\typedef.h" />
    <ClInclude Include="..\..\..\include\node0\SceneNode.h">
      <Filter>entity</Filter>
    </ClInclude>
    <ClInclude Include="..\..\..\include\node0\CompAsset.h">
      <Filter>component</Filter>
    </ClInclude>
    <ClInclude Include="..\..\..\include\node0\NodeUniqueComp.h">
      <Filter>component</Filter>
    </ClInclude>
    <ClInclude Include="..\..\..\include\node0\NodeSharedComp.h">
      <Filter>component</Filter>
    </ClInclude>
    <ClInclude Include="..\..\..\include\node0\NodeFlag.h">
      <Filter>entity</Filter>
    </ClInclude>
    <ClInclude Include="..\..\..\include\node0\NodeWithPos.h">
      <Filter>entity</Filter>
    </ClInclude>
    <ClInclude Include="..\..\..\include\node0\SceneTree.h">
      <Filter>entity</Filter>
    </ClInclude>
  </ItemGroup>
  <ItemGroup>
    <ClCompile Include="..\..\..\source\SceneNode.cpp">
      <Filter>entity</Filter>
    </ClCompile>
    <ClCompile Include="..\..\..\source\SceneTree.cpp">
      <Filter>entity</Filter>
    </ClCompile>
  </ItemGroup>
  <ItemGroup>
    <Filter Include="component">
      <UniqueIdentifier>{8dd63a60-ac04-462b-ae71-3baeae7ab3e7}</UniqueIdentifier>
    </Filter>
    <Filter Include="entity">
      <UniqueIdentifier>{bcc32d85-4792-423e-a535-2ca7012771d1}</UniqueIdentifier>
    </Filter>
  </ItemGroup>
  <ItemGroup>
    <None Include="..\..\..\include\node0\SceneNode.inl">
      <Filter>entity</Filter>
    </None>
  </ItemGroup>
</Project>