<?xml version="1.0" encoding="utf-8"?>
<Project ToolsVersion="4.0" xmlns="http://schemas.microsoft.com/developer/msbuild/2003">
  <ItemGroup>
    <ClInclude Include="..\..\..\include\node0\typedef.h" />
    <ClInclude Include="..\..\..\include\node0\SceneNode.h">
      <Filter>entity</Filter>
    </ClInclude>
    <ClInclude Include="..\..\..\include\node0\CompAsset.h">
      <Filter>component</Filter>
    </ClInclude>
    <ClInclude Include="..\..\..\include\node0\NodeWithPos.h">
      <Filter>entity</Filter>
    </ClInclude>
    <ClInclude Include="..\..\..\include\node0\SceneTreeHelper.h">
      <Filter>entity</Filter>
    </ClInclude>
    <ClInclude Include="..\..\..\include\node0\CompComplex.h">
      <Filter>component\assets</Filter>
    </ClInclude>
    <ClInclude Include="..\..\..\include\node0\CompIdentity.h">
      <Filter>component\id</Filter>
    </ClInclude>
    <ClInclude Include="..\..\..\include\node0\CompFlags.h">
      <Filter>component\flags</Filter>
    </ClInclude>
    <ClInclude Include="..\..\..\include\node0\NodeFlag.h">
      <Filter>component\flags</Filter>
    </ClInclude>
    <ClInclude Include="..\..\..\include\node0\NodeFlags.h">
      <Filter>component\flags</Filter>
    </ClInclude>
    <ClInclude Include="..\..\..\include\node0\NodeFlagsHelper.h">
      <Filter>component\flags</Filter>
    </ClInclude>
    <ClInclude Include="..\..\..\include\node0\NodeComp.h">
      <Filter>component</Filter>
    </ClInclude>
    <ClInclude Include="..\..\..\include\node0\CompMaterial.h">
      <Filter>component\render</Filter>
    </ClInclude>
  </ItemGroup>
  <ItemGroup>
    <ClCompile Include="..\..\..\source\SceneNode.cpp">
      <Filter>entity</Filter>
    </ClCompile>
    <ClCompile Include="..\..\..\source\NodeWithPos.cpp">
      <Filter>entity</Filter>
    </ClCompile>
    <ClCompile Include="..\..\..\source\SceneTreeHelper.cpp">
      <Filter>entity</Filter>
    </ClCompile>
    <ClCompile Include="..\..\..\source\CompComplex.cpp">
      <Filter>component\assets</Filter>
    </ClCompile>
    <ClCompile Include="..\..\..\source\CompIdentity.cpp">
      <Filter>component\id</Filter>
    </ClCompile>
    <ClCompile Include="..\..\..\source\CompFlags.cpp">
      <Filter>component\flags</Filter>
    </ClCompile>
    <ClCompile Include="..\..\..\source\CompMaterial.cpp">
      <Filter>component\render</Filter>
    </ClCompile>
  </ItemGroup>
  <ItemGroup>
    <Filter Include="component">
      <UniqueIdentifier>{8dd63a60-ac04-462b-ae71-3baeae7ab3e7}</UniqueIdentifier>
    </Filter>
    <Filter Include="entity">
      <UniqueIdentifier>{bcc32d85-4792-423e-a535-2ca7012771d1}</UniqueIdentifier>
    </Filter>
    <Filter Include="component\id">
      <UniqueIdentifier>{fc73d34c-6bbe-4b0c-8476-836e7ef7ce20}</UniqueIdentifier>
    </Filter>
    <Filter Include="component\flags">
      <UniqueIdentifier>{88b39bc4-0cee-4eab-8116-ea8fc1a00954}</UniqueIdentifier>
    </Filter>
    <Filter Include="component\render">
      <UniqueIdentifier>{fcad8961-5c6e-4e15-8c15-db555cbfb030}</UniqueIdentifier>
    </Filter>
    <Filter Include="component\assets">
      <UniqueIdentifier>{7b2ae61c-a3ad-4d0a-a992-1c36c9719151}</UniqueIdentifier>
    </Filter>
  </ItemGroup>
  <ItemGroup>
    <None Include="..\..\..\include\node0\SceneNode.inl">
      <Filter>entity</Filter>
    </None>
    <None Include="..\..\..\include\node0\CompFlags.inl">
      <Filter>component\flags</Filter>
    </None>
  </ItemGroup>
</Project>